// !$*UTF8*$!
{
	archiveVersion = 1;
	classes = {
	};
	objectVersion = 46;
	objects = {
/* Begin PBXBuildFile section */
		1D3623260D0F684500981E51 /* AppDelegate.m in Sources */ = {isa = PBXBuildFile; fileRef = 1D3623250D0F684500981E51 /* AppDelegate.m */; };
		1D60589B0D05DD56006BFB54 /* main.m in Sources */ = {isa = PBXBuildFile; fileRef = 29B97316FDCFA39411CA2CEA /* main.m */; };
		288765FD0DF74451002DB57D /* CoreGraphics.framework in Frameworks */ = {isa = PBXBuildFile; fileRef = 288765FC0DF74451002DB57D /* CoreGraphics.framework */; };
		301BF552109A68D80062928A /* libCordova.a in Frameworks */ = {isa = PBXBuildFile; fileRef = 301BF535109A57CC0062928A /* libCordova.a */; };
		302D95F114D2391D003F00A1 /* MainViewController.m in Sources */ = {isa = PBXBuildFile; fileRef = 302D95EF14D2391D003F00A1 /* MainViewController.m */; };
		302D95F214D2391D003F00A1 /* MainViewController.xib in Resources */ = {isa = PBXBuildFile; fileRef = 302D95F014D2391D003F00A1 /* MainViewController.xib */; };
		305D5FD1115AB8F900A74A75 /* MobileCoreServices.framework in Frameworks */ = {isa = PBXBuildFile; fileRef = 305D5FD0115AB8F900A74A75 /* MobileCoreServices.framework */; };
		3088BBBD154F3926009F9C59 /* Default-Landscape@2x~ipad.png in Resources */ = {isa = PBXBuildFile; fileRef = 3088BBB7154F3926009F9C59 /* Default-Landscape@2x~ipad.png */; };
		3088BBBE154F3926009F9C59 /* Default-Landscape~ipad.png in Resources */ = {isa = PBXBuildFile; fileRef = 3088BBB8154F3926009F9C59 /* Default-Landscape~ipad.png */; };
		3088BBBF154F3926009F9C59 /* Default-Portrait@2x~ipad.png in Resources */ = {isa = PBXBuildFile; fileRef = 3088BBB9154F3926009F9C59 /* Default-Portrait@2x~ipad.png */; };
		3088BBC0154F3926009F9C59 /* Default-Portrait~ipad.png in Resources */ = {isa = PBXBuildFile; fileRef = 3088BBBA154F3926009F9C59 /* Default-Portrait~ipad.png */; };
		3088BBC1154F3926009F9C59 /* Default@2x~iphone.png in Resources */ = {isa = PBXBuildFile; fileRef = 3088BBBB154F3926009F9C59 /* Default@2x~iphone.png */; };
		3088BBC2154F3926009F9C59 /* Default~iphone.png in Resources */ = {isa = PBXBuildFile; fileRef = 3088BBBC154F3926009F9C59 /* Default~iphone.png */; };
		308D05371370CCF300D202BF /* icon-72.png in Resources */ = {isa = PBXBuildFile; fileRef = 308D052E1370CCF300D202BF /* icon-72.png */; };
		308D05381370CCF300D202BF /* icon.png in Resources */ = {isa = PBXBuildFile; fileRef = 308D052F1370CCF300D202BF /* icon.png */; };
		308D05391370CCF300D202BF /* icon@2x.png in Resources */ = {isa = PBXBuildFile; fileRef = 308D05301370CCF300D202BF /* icon@2x.png */; };
		30B4F30019D5E07200D9F7D8 /* Default-667h.png in Resources */ = {isa = PBXBuildFile; fileRef = 30B4F2FD19D5E07200D9F7D8 /* Default-667h.png */; };
		30B4F30119D5E07200D9F7D8 /* Default-736h.png in Resources */ = {isa = PBXBuildFile; fileRef = 30B4F2FE19D5E07200D9F7D8 /* Default-736h.png */; };
		30B4F30219D5E07200D9F7D8 /* Default-Landscape-736h.png in Resources */ = {isa = PBXBuildFile; fileRef = 30B4F2FF19D5E07200D9F7D8 /* Default-Landscape-736h.png */; };
		30C1856619D5FC0A00212699 /* icon-60@3x.png in Resources */ = {isa = PBXBuildFile; fileRef = 30C1856519D5FC0A00212699 /* icon-60@3x.png */; };
		30FC414916E50CA1004E6F35 /* icon-72@2x.png in Resources */ = {isa = PBXBuildFile; fileRef = 30FC414816E50CA1004E6F35 /* icon-72@2x.png */; };
		5B1594DD16A7569C00FEF299 /* AssetsLibrary.framework in Frameworks */ = {isa = PBXBuildFile; fileRef = 5B1594DC16A7569C00FEF299 /* AssetsLibrary.framework */; };
		7E7966DE1810823500FA85AD /* icon-40.png in Resources */ = {isa = PBXBuildFile; fileRef = 7E7966D41810823500FA85AD /* icon-40.png */; };
		7E7966DF1810823500FA85AD /* icon-40@2x.png in Resources */ = {isa = PBXBuildFile; fileRef = 7E7966D51810823500FA85AD /* icon-40@2x.png */; };
		7E7966E01810823500FA85AD /* icon-50.png in Resources */ = {isa = PBXBuildFile; fileRef = 7E7966D61810823500FA85AD /* icon-50.png */; };
		7E7966E11810823500FA85AD /* icon-50@2x.png in Resources */ = {isa = PBXBuildFile; fileRef = 7E7966D71810823500FA85AD /* icon-50@2x.png */; };
		7E7966E21810823500FA85AD /* icon-60.png in Resources */ = {isa = PBXBuildFile; fileRef = 7E7966D81810823500FA85AD /* icon-60.png */; };
		7E7966E31810823500FA85AD /* icon-60@2x.png in Resources */ = {isa = PBXBuildFile; fileRef = 7E7966D91810823500FA85AD /* icon-60@2x.png */; };
		7E7966E41810823500FA85AD /* icon-76.png in Resources */ = {isa = PBXBuildFile; fileRef = 7E7966DA1810823500FA85AD /* icon-76.png */; };
		7E7966E51810823500FA85AD /* icon-76@2x.png in Resources */ = {isa = PBXBuildFile; fileRef = 7E7966DB1810823500FA85AD /* icon-76@2x.png */; };
		7E7966E61810823500FA85AD /* icon-small.png in Resources */ = {isa = PBXBuildFile; fileRef = 7E7966DC1810823500FA85AD /* icon-small.png */; };
		7E7966E71810823500FA85AD /* icon-small@2x.png in Resources */ = {isa = PBXBuildFile; fileRef = 7E7966DD1810823500FA85AD /* icon-small@2x.png */; };
		D4A0D8761607E02300AEF8BB /* Default-568h@2x~iphone.png in Resources */ = {isa = PBXBuildFile; fileRef = D4A0D8751607E02300AEF8BB /* Default-568h@2x~iphone.png */; };
		DAEBABA5D9344C039E010C17 /* UIImage+CropScaleOrientation.m in Sources */ = {isa = PBXBuildFile; fileRef = BC59A42B10BE47389E9A886D /* UIImage+CropScaleOrientation.m */; };
		C49481F8E55545A6A077AB29 /* CDVCamera.m in Sources */ = {isa = PBXBuildFile; fileRef = BC04AAF193DE4494AC143C44 /* CDVCamera.m */; };
		4B1548C52EEB41C8B6C263D4 /* CDVJpegHeaderWriter.m in Sources */ = {isa = PBXBuildFile; fileRef = FDB14C0B5EBF4A13A7D30C50 /* CDVJpegHeaderWriter.m */; };
		96F665C2E1F542768E05FFA6 /* ImageIO.framework in Frameworks */ = {isa = PBXBuildFile; fileRef = 19535205F48D4454916C5A10 /* ImageIO.framework */; settings = {ATTRIBUTES = (Weak, ); }; };
		99D7F5EC444248C9A3248054 /* CoreLocation.framework in Frameworks */ = {isa = PBXBuildFile; fileRef = B664FFBB8D3C473B84A7990A /* CoreLocation.framework */; };
		FF2191F11428421098F8656A /* AVFoundation.framework in Frameworks */ = {isa = PBXBuildFile; fileRef = ACFA5D27730242EF841DF5F0 /* AVFoundation.framework */; };
		6EE020900E8D49C9ACAF69A1 /* CDVContacts.m in Sources */ = {isa = PBXBuildFile; fileRef = 755860BA42FE4D0CBE96C055 /* CDVContacts.m */; };
		FAA445480D0D43FCB015667D /* CDVContact.m in Sources */ = {isa = PBXBuildFile; fileRef = FEA0CA351B994AA996D149AE /* CDVContact.m */; };
		D67E8BC9C4B7400CA7B21A90 /* AddressBook.framework in Frameworks */ = {isa = PBXBuildFile; fileRef = 419E5594F47D4FED8DC6494A /* AddressBook.framework */; settings = {ATTRIBUTES = (Weak, ); }; };
		27AF1A7DAC864559B1171414 /* AddressBookUI.framework in Frameworks */ = {isa = PBXBuildFile; fileRef = 61C635420E2D476A93CC5842 /* AddressBookUI.framework */; settings = {ATTRIBUTES = (Weak, ); }; };
		ED73DCBE941242A8BD6F24C2 /* CDVDevice.m in Sources */ = {isa = PBXBuildFile; fileRef = A00C9F57D801441996BDF57B /* CDVDevice.m */; };
		84729C4276A54F768047EA5C /* CDVNotification.m in Sources */ = {isa = PBXBuildFile; fileRef = 469D26D98291405E9F33A7B5 /* CDVNotification.m */; };
		5ECFA284B2F44CDC923A06A1 /* CDVNotification.bundle in Resources */ = {isa = PBXBuildFile; fileRef = 14CC94E62B864392983648AE /* CDVNotification.bundle */; };
		C233604A00B147918FE09D5D /* AudioToolbox.framework in Frameworks */ = {isa = PBXBuildFile; fileRef = 2FD1735A21FA41A8B2F543B0 /* AudioToolbox.framework */; settings = {ATTRIBUTES = (Weak, ); }; };
		0F2CF56321C946EF8C47A5AA /* CDVFile.m in Sources */ = {isa = PBXBuildFile; fileRef = 3117C5C0DE7B4B80948D546D /* CDVFile.m */; };
		5F60B8C8EBC240ED846F3A48 /* CDVLocalFilesystem.m in Sources */ = {isa = PBXBuildFile; fileRef = EDDC012A87C64E10AF5CE271 /* CDVLocalFilesystem.m */; };
		DBBEA63CABA54DC78C437973 /* CDVAssetLibraryFilesystem.m in Sources */ = {isa = PBXBuildFile; fileRef = 098B3F39B14D42BD98C08553 /* CDVAssetLibraryFilesystem.m */; };
		DAD04699DD484BC99CFA8CE7 /* CDVFileTransfer.m in Sources */ = {isa = PBXBuildFile; fileRef = E83986FE5D9A40B5BA4FDFD9 /* CDVFileTransfer.m */; };
		6250472B9A504375852A23FC /* CDVInAppBrowser.m in Sources */ = {isa = PBXBuildFile; fileRef = 20BE6371D8674A459F4BD2F1 /* CDVInAppBrowser.m */; };
		E497009D39F94F06BB1433B2 /* CDVSound.m in Sources */ = {isa = PBXBuildFile; fileRef = A8AA4F86E8124730AC26D2A0 /* CDVSound.m */; };
		6CA91AA1D7A2487A8FCD7EB6 /* CDVConnection.m in Sources */ = {isa = PBXBuildFile; fileRef = 02585258073F44C7B15A880B /* CDVConnection.m */; };
		0458AA289AA04EE0A1643F3D /* CDVReachability.m in Sources */ = {isa = PBXBuildFile; fileRef = 19F161A93A9E4CB588F757B2 /* CDVReachability.m */; };
		9575D6627D6A49FA941138B9 /* SystemConfiguration.framework in Frameworks */ = {isa = PBXBuildFile; fileRef = 8F6E8E735D484C69A28639B9 /* SystemConfiguration.framework */; settings = {ATTRIBUTES = (Weak, ); }; };
		973A9AC16DBC46AAA0C2A679 /* CDVSplashScreen.m in Sources */ = {isa = PBXBuildFile; fileRef = 39D11B2683634EEB97A9EFF4 /* CDVSplashScreen.m */; };
		856BE32494C144ECAD8A51FB /* CDVViewController+SplashScreen.m in Sources */ = {isa = PBXBuildFile; fileRef = 2F48F6584CF9435B8EA2FF60 /* CDVViewController+SplashScreen.m */; };
		10CA5FD0EC0D4751B3498190 /* CDVMobileAccessibility.m in Sources */ = {isa = PBXBuildFile; fileRef = 14172B2CF6224198875DB955 /* CDVMobileAccessibility.m */; };
		CB1EAD35B78948608AAC0EA0 /* MediaAccessibility.framework in Frameworks */ = {isa = PBXBuildFile; fileRef = D04D5A647B58445EBCFBA158 /* MediaAccessibility.framework */; settings = {ATTRIBUTES = (Weak, ); }; };
		7F259808489045CEBEBAAFA8 /* AppDelegate+notification.m in Sources */ = {isa = PBXBuildFile; fileRef = F13C31FAB3A94E73BE5FDC5D /* AppDelegate+notification.m */; };
		B43EA95D3EE94E63A4E5CE28 /* PushPlugin.m in Sources */ = {isa = PBXBuildFile; fileRef = 57886621903E4241B824F7BB /* PushPlugin.m */; };
		FCD57C6FB5F94F7D8391F7C7 /* AppVersion.m in Sources */ = {isa = PBXBuildFile; fileRef = 86BD1412A6454298B1D4B990 /* AppVersion.m */; };
/* End PBXBuildFile section */

/* Begin PBXContainerItemProxy section */
		301BF534109A57CC0062928A /* PBXContainerItemProxy */ = {
			isa = PBXContainerItemProxy;
			containerPortal = 301BF52D109A57CC0062928A /* CordovaLib.xcodeproj */;
			proxyType = 2;
			remoteGlobalIDString = D2AAC07E0554694100DB518D;
			remoteInfo = CordovaLib;
		};
		301BF550109A68C00062928A /* PBXContainerItemProxy */ = {
			isa = PBXContainerItemProxy;
			containerPortal = 301BF52D109A57CC0062928A /* CordovaLib.xcodeproj */;
			proxyType = 1;
			remoteGlobalIDString = D2AAC07D0554694100DB518D;
			remoteInfo = CordovaLib;
		};
/* End PBXContainerItemProxy section */

/* Begin PBXFileReference section */
		1D3623240D0F684500981E51 /* AppDelegate.h */ = {isa = PBXFileReference; fileEncoding = 4; lastKnownFileType = sourcecode.c.h; path = AppDelegate.h; sourceTree = "<group>"; };
		1D3623250D0F684500981E51 /* AppDelegate.m */ = {isa = PBXFileReference; fileEncoding = 4; lastKnownFileType = sourcecode.c.objc; path = AppDelegate.m; sourceTree = "<group>"; };
		1D6058910D05DD3D006BFB54 /* XSTOK.app */ = {isa = PBXFileReference; explicitFileType = wrapper.application; includeInIndex = 0; path = "XSTOK.app"; sourceTree = BUILT_PRODUCTS_DIR; };
		1F766FDD13BBADB100FB74C0 /* en */ = {isa = PBXFileReference; lastKnownFileType = text.plist.strings; name = en; path = Localizable.strings; sourceTree = "<group>"; };
		1F766FE013BBADB100FB74C0 /* es */ = {isa = PBXFileReference; lastKnownFileType = text.plist.strings; name = es; path = Localizable.strings; sourceTree = "<group>"; };
		288765FC0DF74451002DB57D /* CoreGraphics.framework */ = {isa = PBXFileReference; lastKnownFileType = wrapper.framework; name = CoreGraphics.framework; path = System/Library/Frameworks/CoreGraphics.framework; sourceTree = SDKROOT; };
		29B97316FDCFA39411CA2CEA /* main.m */ = {isa = PBXFileReference; fileEncoding = 4; lastKnownFileType = sourcecode.c.objc; path = main.m; sourceTree = "<group>"; };
		301BF52D109A57CC0062928A /* CordovaLib.xcodeproj */ = {isa = PBXFileReference; lastKnownFileType = "wrapper.pb-project"; name = CordovaLib.xcodeproj; path = CordovaLib/CordovaLib.xcodeproj; sourceTree = "<group>"; };
		301BF56E109A69640062928A /* www */ = {isa = PBXFileReference; lastKnownFileType = folder; path = www; sourceTree = SOURCE_ROOT; };
		302D95EE14D2391D003F00A1 /* MainViewController.h */ = {isa = PBXFileReference; fileEncoding = 4; lastKnownFileType = sourcecode.c.h; path = MainViewController.h; sourceTree = "<group>"; };
		302D95EF14D2391D003F00A1 /* MainViewController.m */ = {isa = PBXFileReference; fileEncoding = 4; lastKnownFileType = sourcecode.c.objc; path = MainViewController.m; sourceTree = "<group>"; };
		302D95F014D2391D003F00A1 /* MainViewController.xib */ = {isa = PBXFileReference; fileEncoding = 4; lastKnownFileType = file.xib; path = MainViewController.xib; sourceTree = "<group>"; };
		305D5FD0115AB8F900A74A75 /* MobileCoreServices.framework */ = {isa = PBXFileReference; lastKnownFileType = wrapper.framework; name = MobileCoreServices.framework; path = System/Library/Frameworks/MobileCoreServices.framework; sourceTree = SDKROOT; };
		3088BBB7154F3926009F9C59 /* Default-Landscape@2x~ipad.png */ = {isa = PBXFileReference; lastKnownFileType = image.png; path = "Default-Landscape@2x~ipad.png"; sourceTree = "<group>"; };
		3088BBB8154F3926009F9C59 /* Default-Landscape~ipad.png */ = {isa = PBXFileReference; lastKnownFileType = image.png; path = "Default-Landscape~ipad.png"; sourceTree = "<group>"; };
		3088BBB9154F3926009F9C59 /* Default-Portrait@2x~ipad.png */ = {isa = PBXFileReference; lastKnownFileType = image.png; path = "Default-Portrait@2x~ipad.png"; sourceTree = "<group>"; };
		3088BBBA154F3926009F9C59 /* Default-Portrait~ipad.png */ = {isa = PBXFileReference; lastKnownFileType = image.png; path = "Default-Portrait~ipad.png"; sourceTree = "<group>"; };
		3088BBBB154F3926009F9C59 /* Default@2x~iphone.png */ = {isa = PBXFileReference; lastKnownFileType = image.png; path = "Default@2x~iphone.png"; sourceTree = "<group>"; };
		3088BBBC154F3926009F9C59 /* Default~iphone.png */ = {isa = PBXFileReference; lastKnownFileType = image.png; path = "Default~iphone.png"; sourceTree = "<group>"; };
		308D052E1370CCF300D202BF /* icon-72.png */ = {isa = PBXFileReference; lastKnownFileType = image.png; path = "icon-72.png"; sourceTree = "<group>"; };
		308D052F1370CCF300D202BF /* icon.png */ = {isa = PBXFileReference; lastKnownFileType = image.png; path = icon.png; sourceTree = "<group>"; };
		308D05301370CCF300D202BF /* icon@2x.png */ = {isa = PBXFileReference; lastKnownFileType = image.png; path = "icon@2x.png"; sourceTree = "<group>"; };
		30B4F2FD19D5E07200D9F7D8 /* Default-667h.png */ = {isa = PBXFileReference; lastKnownFileType = image.png; path = "Default-667h.png"; sourceTree = "<group>"; };
		30B4F2FE19D5E07200D9F7D8 /* Default-736h.png */ = {isa = PBXFileReference; lastKnownFileType = image.png; path = "Default-736h.png"; sourceTree = "<group>"; };
		30B4F2FF19D5E07200D9F7D8 /* Default-Landscape-736h.png */ = {isa = PBXFileReference; lastKnownFileType = image.png; path = "Default-Landscape-736h.png"; sourceTree = "<group>"; };
		30C1856519D5FC0A00212699 /* icon-60@3x.png */ = {isa = PBXFileReference; lastKnownFileType = image.png; path = "icon-60@3x.png"; sourceTree = "<group>"; };
		30FC414816E50CA1004E6F35 /* icon-72@2x.png */ = {isa = PBXFileReference; lastKnownFileType = image.png; path = "icon-72@2x.png"; sourceTree = "<group>"; };
		32CA4F630368D1EE00C91783 /* XSTOK-Prefix.pch */ = {isa = PBXFileReference; fileEncoding = 4; lastKnownFileType = sourcecode.c.h; path = "XSTOK-Prefix.pch"; sourceTree = "<group>"; };
		5B1594DC16A7569C00FEF299 /* AssetsLibrary.framework */ = {isa = PBXFileReference; lastKnownFileType = wrapper.framework; name = AssetsLibrary.framework; path = System/Library/Frameworks/AssetsLibrary.framework; sourceTree = SDKROOT; };
		7E7966D41810823500FA85AD /* icon-40.png */ = {isa = PBXFileReference; lastKnownFileType = image.png; path = "icon-40.png"; sourceTree = "<group>"; };
		7E7966D51810823500FA85AD /* icon-40@2x.png */ = {isa = PBXFileReference; lastKnownFileType = image.png; path = "icon-40@2x.png"; sourceTree = "<group>"; };
		7E7966D61810823500FA85AD /* icon-50.png */ = {isa = PBXFileReference; lastKnownFileType = image.png; path = "icon-50.png"; sourceTree = "<group>"; };
		7E7966D71810823500FA85AD /* icon-50@2x.png */ = {isa = PBXFileReference; lastKnownFileType = image.png; path = "icon-50@2x.png"; sourceTree = "<group>"; };
		7E7966D81810823500FA85AD /* icon-60.png */ = {isa = PBXFileReference; lastKnownFileType = image.png; path = "icon-60.png"; sourceTree = "<group>"; };
		7E7966D91810823500FA85AD /* icon-60@2x.png */ = {isa = PBXFileReference; lastKnownFileType = image.png; path = "icon-60@2x.png"; sourceTree = "<group>"; };
		7E7966DA1810823500FA85AD /* icon-76.png */ = {isa = PBXFileReference; lastKnownFileType = image.png; path = "icon-76.png"; sourceTree = "<group>"; };
		7E7966DB1810823500FA85AD /* icon-76@2x.png */ = {isa = PBXFileReference; lastKnownFileType = image.png; path = "icon-76@2x.png"; sourceTree = "<group>"; };
		7E7966DC1810823500FA85AD /* icon-small.png */ = {isa = PBXFileReference; lastKnownFileType = image.png; path = "icon-small.png"; sourceTree = "<group>"; };
		7E7966DD1810823500FA85AD /* icon-small@2x.png */ = {isa = PBXFileReference; lastKnownFileType = image.png; path = "icon-small@2x.png"; sourceTree = "<group>"; };
		8D1107310486CEB800E47090 /* XSTOK-Info.plist */ = {isa = PBXFileReference; fileEncoding = 4; lastKnownFileType = text.plist.xml; name = "XSTOK-Info.plist"; path = "../XSTOK-Info.plist"; plistStructureDefinitionIdentifier = "com.apple.xcode.plist.structure-definition.iphone.info-plist"; sourceTree = "<group>"; };
		D4A0D8751607E02300AEF8BB /* Default-568h@2x~iphone.png */ = {isa = PBXFileReference; lastKnownFileType = image.png; path = "Default-568h@2x~iphone.png"; sourceTree = "<group>"; };
		EB87FDF21871DA7A0020F90C /* merges */ = {isa = PBXFileReference; lastKnownFileType = folder; name = merges; path = ../../merges; sourceTree = "<group>"; };
		EB87FDF31871DA8E0020F90C /* www */ = {isa = PBXFileReference; lastKnownFileType = folder; name = www; path = ../../www; sourceTree = "<group>"; };
		EB87FDF41871DAF40020F90C /* config.xml */ = {isa = PBXFileReference; lastKnownFileType = text.xml; name = config.xml; path = ../../config.xml; sourceTree = "<group>"; };
		F840E1F0165FE0F500CFE078 /* config.xml */ = {isa = PBXFileReference; lastKnownFileType = text.xml; name = config.xml; path = "XSTOK/config.xml"; sourceTree = "<group>"; };
		BC59A42B10BE47389E9A886D /* UIImage+CropScaleOrientation.m */ = {isa = PBXFileReference; lastKnownFileType = sourcecode.c.objc; name = "UIImage+CropScaleOrientation.m"; path = "cordova-plugin-camera/UIImage+CropScaleOrientation.m"; sourceTree = "<group>"; fileEncoding = 4; };
		BC04AAF193DE4494AC143C44 /* CDVCamera.m */ = {isa = PBXFileReference; lastKnownFileType = sourcecode.c.objc; name = "CDVCamera.m"; path = "cordova-plugin-camera/CDVCamera.m"; sourceTree = "<group>"; fileEncoding = 4; };
		FDB14C0B5EBF4A13A7D30C50 /* CDVJpegHeaderWriter.m */ = {isa = PBXFileReference; lastKnownFileType = sourcecode.c.objc; name = "CDVJpegHeaderWriter.m"; path = "cordova-plugin-camera/CDVJpegHeaderWriter.m"; sourceTree = "<group>"; fileEncoding = 4; };
		B64B330A59B5482BB7E6D42D /* UIImage+CropScaleOrientation.h */ = {isa = PBXFileReference; lastKnownFileType = sourcecode.c.h; name = "UIImage+CropScaleOrientation.h"; path = "cordova-plugin-camera/UIImage+CropScaleOrientation.h"; sourceTree = "<group>"; fileEncoding = 4; };
		B3967B33568542C485B1B296 /* CDVCamera.h */ = {isa = PBXFileReference; lastKnownFileType = sourcecode.c.h; name = "CDVCamera.h"; path = "cordova-plugin-camera/CDVCamera.h"; sourceTree = "<group>"; fileEncoding = 4; };
		A262D2B9D3D8440F99416A77 /* CDVJpegHeaderWriter.h */ = {isa = PBXFileReference; lastKnownFileType = sourcecode.c.h; name = "CDVJpegHeaderWriter.h"; path = "cordova-plugin-camera/CDVJpegHeaderWriter.h"; sourceTree = "<group>"; fileEncoding = 4; };
		FC29020D901A467A9D2FCAA3 /* CDVExif.h */ = {isa = PBXFileReference; lastKnownFileType = sourcecode.c.h; name = "CDVExif.h"; path = "cordova-plugin-camera/CDVExif.h"; sourceTree = "<group>"; fileEncoding = 4; };
		19535205F48D4454916C5A10 /* ImageIO.framework */ = {isa = PBXFileReference; lastKnownFileType = wrapper.framework; name = "ImageIO.framework"; path = "System/Library/Frameworks/ImageIO.framework"; sourceTree = SDKROOT; fileEncoding = 4; };
		B664FFBB8D3C473B84A7990A /* CoreLocation.framework */ = {isa = PBXFileReference; lastKnownFileType = wrapper.framework; name = "CoreLocation.framework"; path = "System/Library/Frameworks/CoreLocation.framework"; sourceTree = SDKROOT; fileEncoding = 4; };
		ACFA5D27730242EF841DF5F0 /* AVFoundation.framework */ = {isa = PBXFileReference; lastKnownFileType = wrapper.framework; name = "AVFoundation.framework"; path = "System/Library/Frameworks/AVFoundation.framework"; sourceTree = SDKROOT; fileEncoding = 4; };
		755860BA42FE4D0CBE96C055 /* CDVContacts.m */ = {isa = PBXFileReference; lastKnownFileType = sourcecode.c.objc; name = "CDVContacts.m"; path = "cordova-plugin-contacts/CDVContacts.m"; sourceTree = "<group>"; fileEncoding = 4; };
		FEA0CA351B994AA996D149AE /* CDVContact.m */ = {isa = PBXFileReference; lastKnownFileType = sourcecode.c.objc; name = "CDVContact.m"; path = "cordova-plugin-contacts/CDVContact.m"; sourceTree = "<group>"; fileEncoding = 4; };
		D4D69F33C48C40999CABB6DB /* CDVContacts.h */ = {isa = PBXFileReference; lastKnownFileType = sourcecode.c.h; name = "CDVContacts.h"; path = "cordova-plugin-contacts/CDVContacts.h"; sourceTree = "<group>"; fileEncoding = 4; };
		E8364F8299CF410ABC9D15E9 /* CDVContact.h */ = {isa = PBXFileReference; lastKnownFileType = sourcecode.c.h; name = "CDVContact.h"; path = "cordova-plugin-contacts/CDVContact.h"; sourceTree = "<group>"; fileEncoding = 4; };
		419E5594F47D4FED8DC6494A /* AddressBook.framework */ = {isa = PBXFileReference; lastKnownFileType = wrapper.framework; name = "AddressBook.framework"; path = "System/Library/Frameworks/AddressBook.framework"; sourceTree = SDKROOT; fileEncoding = 4; };
		61C635420E2D476A93CC5842 /* AddressBookUI.framework */ = {isa = PBXFileReference; lastKnownFileType = wrapper.framework; name = "AddressBookUI.framework"; path = "System/Library/Frameworks/AddressBookUI.framework"; sourceTree = SDKROOT; fileEncoding = 4; };
		A00C9F57D801441996BDF57B /* CDVDevice.m */ = {isa = PBXFileReference; lastKnownFileType = sourcecode.c.objc; name = "CDVDevice.m"; path = "cordova-plugin-device/CDVDevice.m"; sourceTree = "<group>"; fileEncoding = 4; };
		3AF047907F814DC38597B6F9 /* CDVDevice.h */ = {isa = PBXFileReference; lastKnownFileType = sourcecode.c.h; name = "CDVDevice.h"; path = "cordova-plugin-device/CDVDevice.h"; sourceTree = "<group>"; fileEncoding = 4; };
		469D26D98291405E9F33A7B5 /* CDVNotification.m */ = {isa = PBXFileReference; lastKnownFileType = sourcecode.c.objc; name = "CDVNotification.m"; path = "cordova-plugin-dialogs/CDVNotification.m"; sourceTree = "<group>"; fileEncoding = 4; };
		A4FDB319E20A48E3B013F6F0 /* CDVNotification.h */ = {isa = PBXFileReference; lastKnownFileType = sourcecode.c.h; name = "CDVNotification.h"; path = "cordova-plugin-dialogs/CDVNotification.h"; sourceTree = "<group>"; fileEncoding = 4; };
		14CC94E62B864392983648AE /* CDVNotification.bundle */ = {isa = PBXFileReference; lastKnownFileType = "wrapper.plug-in"; name = "CDVNotification.bundle"; path = "CDVNotification.bundle"; sourceTree = "<group>"; };
		2FD1735A21FA41A8B2F543B0 /* AudioToolbox.framework */ = {isa = PBXFileReference; lastKnownFileType = wrapper.framework; name = "AudioToolbox.framework"; path = "System/Library/Frameworks/AudioToolbox.framework"; sourceTree = SDKROOT; fileEncoding = 4; };
		3117C5C0DE7B4B80948D546D /* CDVFile.m */ = {isa = PBXFileReference; lastKnownFileType = sourcecode.c.objc; name = "CDVFile.m"; path = "cordova-plugin-file/CDVFile.m"; sourceTree = "<group>"; fileEncoding = 4; };
		EDDC012A87C64E10AF5CE271 /* CDVLocalFilesystem.m */ = {isa = PBXFileReference; lastKnownFileType = sourcecode.c.objc; name = "CDVLocalFilesystem.m"; path = "cordova-plugin-file/CDVLocalFilesystem.m"; sourceTree = "<group>"; fileEncoding = 4; };
		098B3F39B14D42BD98C08553 /* CDVAssetLibraryFilesystem.m */ = {isa = PBXFileReference; lastKnownFileType = sourcecode.c.objc; name = "CDVAssetLibraryFilesystem.m"; path = "cordova-plugin-file/CDVAssetLibraryFilesystem.m"; sourceTree = "<group>"; fileEncoding = 4; };
		89BECDED2DA1453092549A11 /* CDVFile.h */ = {isa = PBXFileReference; lastKnownFileType = sourcecode.c.h; name = "CDVFile.h"; path = "cordova-plugin-file/CDVFile.h"; sourceTree = "<group>"; fileEncoding = 4; };
		491C865939EF4F97BC2654EC /* CDVLocalFilesystem.h */ = {isa = PBXFileReference; lastKnownFileType = sourcecode.c.h; name = "CDVLocalFilesystem.h"; path = "cordova-plugin-file/CDVLocalFilesystem.h"; sourceTree = "<group>"; fileEncoding = 4; };
		18301CF5DBCC4F21870F75DC /* CDVAssetLibraryFilesystem.h */ = {isa = PBXFileReference; lastKnownFileType = sourcecode.c.h; name = "CDVAssetLibraryFilesystem.h"; path = "cordova-plugin-file/CDVAssetLibraryFilesystem.h"; sourceTree = "<group>"; fileEncoding = 4; };
		E83986FE5D9A40B5BA4FDFD9 /* CDVFileTransfer.m */ = {isa = PBXFileReference; lastKnownFileType = sourcecode.c.objc; name = "CDVFileTransfer.m"; path = "cordova-plugin-file-transfer/CDVFileTransfer.m"; sourceTree = "<group>"; fileEncoding = 4; };
		C143F9908F194DD0AF33C45A /* CDVFileTransfer.h */ = {isa = PBXFileReference; lastKnownFileType = sourcecode.c.h; name = "CDVFileTransfer.h"; path = "cordova-plugin-file-transfer/CDVFileTransfer.h"; sourceTree = "<group>"; fileEncoding = 4; };
		20BE6371D8674A459F4BD2F1 /* CDVInAppBrowser.m */ = {isa = PBXFileReference; lastKnownFileType = sourcecode.c.objc; name = "CDVInAppBrowser.m"; path = "cordova-plugin-inappbrowser/CDVInAppBrowser.m"; sourceTree = "<group>"; fileEncoding = 4; };
		E571B4783041449191BE1C42 /* CDVInAppBrowser.h */ = {isa = PBXFileReference; lastKnownFileType = sourcecode.c.h; name = "CDVInAppBrowser.h"; path = "cordova-plugin-inappbrowser/CDVInAppBrowser.h"; sourceTree = "<group>"; fileEncoding = 4; };
		A8AA4F86E8124730AC26D2A0 /* CDVSound.m */ = {isa = PBXFileReference; lastKnownFileType = sourcecode.c.objc; name = "CDVSound.m"; path = "cordova-plugin-media/CDVSound.m"; sourceTree = "<group>"; fileEncoding = 4; };
		15EDA6DB0C5D4204A7B0A27B /* CDVSound.h */ = {isa = PBXFileReference; lastKnownFileType = sourcecode.c.h; name = "CDVSound.h"; path = "cordova-plugin-media/CDVSound.h"; sourceTree = "<group>"; fileEncoding = 4; };
		02585258073F44C7B15A880B /* CDVConnection.m */ = {isa = PBXFileReference; lastKnownFileType = sourcecode.c.objc; name = "CDVConnection.m"; path = "cordova-plugin-network-information/CDVConnection.m"; sourceTree = "<group>"; fileEncoding = 4; };
		19F161A93A9E4CB588F757B2 /* CDVReachability.m */ = {isa = PBXFileReference; lastKnownFileType = sourcecode.c.objc; name = "CDVReachability.m"; path = "cordova-plugin-network-information/CDVReachability.m"; sourceTree = "<group>"; fileEncoding = 4; };
		C6DCC0196CA74C4A83C17603 /* CDVConnection.h */ = {isa = PBXFileReference; lastKnownFileType = sourcecode.c.h; name = "CDVConnection.h"; path = "cordova-plugin-network-information/CDVConnection.h"; sourceTree = "<group>"; fileEncoding = 4; };
		900E5B554D2C41F099AEE3EA /* CDVReachability.h */ = {isa = PBXFileReference; lastKnownFileType = sourcecode.c.h; name = "CDVReachability.h"; path = "cordova-plugin-network-information/CDVReachability.h"; sourceTree = "<group>"; fileEncoding = 4; };
		8F6E8E735D484C69A28639B9 /* SystemConfiguration.framework */ = {isa = PBXFileReference; lastKnownFileType = wrapper.framework; name = "SystemConfiguration.framework"; path = "System/Library/Frameworks/SystemConfiguration.framework"; sourceTree = SDKROOT; fileEncoding = 4; };
		39D11B2683634EEB97A9EFF4 /* CDVSplashScreen.m */ = {isa = PBXFileReference; lastKnownFileType = sourcecode.c.objc; name = "CDVSplashScreen.m"; path = "cordova-plugin-splashscreen/CDVSplashScreen.m"; sourceTree = "<group>"; fileEncoding = 4; };
		2F48F6584CF9435B8EA2FF60 /* CDVViewController+SplashScreen.m */ = {isa = PBXFileReference; lastKnownFileType = sourcecode.c.objc; name = "CDVViewController+SplashScreen.m"; path = "cordova-plugin-splashscreen/CDVViewController+SplashScreen.m"; sourceTree = "<group>"; fileEncoding = 4; };
		E413CF5CEF614052A01EE6E3 /* CDVSplashScreen.h */ = {isa = PBXFileReference; lastKnownFileType = sourcecode.c.h; name = "CDVSplashScreen.h"; path = "cordova-plugin-splashscreen/CDVSplashScreen.h"; sourceTree = "<group>"; fileEncoding = 4; };
		72F989EE362643FB8A44AA49 /* CDVViewController+SplashScreen.h */ = {isa = PBXFileReference; lastKnownFileType = sourcecode.c.h; name = "CDVViewController+SplashScreen.h"; path = "cordova-plugin-splashscreen/CDVViewController+SplashScreen.h"; sourceTree = "<group>"; fileEncoding = 4; };
		14172B2CF6224198875DB955 /* CDVMobileAccessibility.m */ = {isa = PBXFileReference; lastKnownFileType = sourcecode.c.objc; name = "CDVMobileAccessibility.m"; path = "phonegap-plugin-mobile-accessibility/CDVMobileAccessibility.m"; sourceTree = "<group>"; fileEncoding = 4; };
		154F4B70618B4A4FAF411F6B /* CDVMobileAccessibility.h */ = {isa = PBXFileReference; lastKnownFileType = sourcecode.c.h; name = "CDVMobileAccessibility.h"; path = "phonegap-plugin-mobile-accessibility/CDVMobileAccessibility.h"; sourceTree = "<group>"; fileEncoding = 4; };
		D04D5A647B58445EBCFBA158 /* MediaAccessibility.framework */ = {isa = PBXFileReference; lastKnownFileType = wrapper.framework; name = "MediaAccessibility.framework"; path = "System/Library/Frameworks/MediaAccessibility.framework"; sourceTree = SDKROOT; fileEncoding = 4; };
		F13C31FAB3A94E73BE5FDC5D /* AppDelegate+notification.m */ = {isa = PBXFileReference; lastKnownFileType = sourcecode.c.objc; name = "AppDelegate+notification.m"; path = "phonegap-plugin-push/AppDelegate+notification.m"; sourceTree = "<group>"; fileEncoding = 4; };
		57886621903E4241B824F7BB /* PushPlugin.m */ = {isa = PBXFileReference; lastKnownFileType = sourcecode.c.objc; name = "PushPlugin.m"; path = "phonegap-plugin-push/PushPlugin.m"; sourceTree = "<group>"; fileEncoding = 4; };
		582954057BC54C65AA6F8BF7 /* AppDelegate+notification.h */ = {isa = PBXFileReference; lastKnownFileType = sourcecode.c.h; name = "AppDelegate+notification.h"; path = "phonegap-plugin-push/AppDelegate+notification.h"; sourceTree = "<group>"; fileEncoding = 4; };
		E2C9DF76655546E99A218E61 /* PushPlugin.h */ = {isa = PBXFileReference; lastKnownFileType = sourcecode.c.h; name = "PushPlugin.h"; path = "phonegap-plugin-push/PushPlugin.h"; sourceTree = "<group>"; fileEncoding = 4; };
		86BD1412A6454298B1D4B990 /* AppVersion.m */ = {isa = PBXFileReference; lastKnownFileType = sourcecode.c.objc; name = "AppVersion.m"; path = "uk.co.whiteoctober.cordova.appversion/AppVersion.m"; sourceTree = "<group>"; fileEncoding = 4; };
		FA1358591E6D474E93EC073B /* AppVersion.h */ = {isa = PBXFileReference; lastKnownFileType = sourcecode.c.h; name = "AppVersion.h"; path = "uk.co.whiteoctober.cordova.appversion/AppVersion.h"; sourceTree = "<group>"; fileEncoding = 4; };
/* End PBXFileReference section */

/* Begin PBXFrameworksBuildPhase section */
		1D60588F0D05DD3D006BFB54 /* Frameworks */ = {
			isa = PBXFrameworksBuildPhase;
			buildActionMask = 2147483647;
			files = (
				5B1594DD16A7569C00FEF299 /* AssetsLibrary.framework in Frameworks */,
				301BF552109A68D80062928A /* libCordova.a in Frameworks */,
				288765FD0DF74451002DB57D /* CoreGraphics.framework in Frameworks */,
				305D5FD1115AB8F900A74A75 /* MobileCoreServices.framework in Frameworks */,
				96F665C2E1F542768E05FFA6 /* ImageIO.framework in Frameworks */,
				99D7F5EC444248C9A3248054 /* CoreLocation.framework in Frameworks */,
				FF2191F11428421098F8656A /* AVFoundation.framework in Frameworks */,
				D67E8BC9C4B7400CA7B21A90 /* AddressBook.framework in Frameworks */,
				27AF1A7DAC864559B1171414 /* AddressBookUI.framework in Frameworks */,
				C233604A00B147918FE09D5D /* AudioToolbox.framework in Frameworks */,
				9575D6627D6A49FA941138B9 /* SystemConfiguration.framework in Frameworks */,
				CB1EAD35B78948608AAC0EA0 /* MediaAccessibility.framework in Frameworks */,
			);
			runOnlyForDeploymentPostprocessing = 0;
		};
/* End PBXFrameworksBuildPhase section */

/* Begin PBXGroup section */
		080E96DDFE201D6D7F000001 /* Classes */ = {
			isa = PBXGroup;
			children = (
				302D95EE14D2391D003F00A1 /* MainViewController.h */,
				302D95EF14D2391D003F00A1 /* MainViewController.m */,
				302D95F014D2391D003F00A1 /* MainViewController.xib */,
				1D3623240D0F684500981E51 /* AppDelegate.h */,
				1D3623250D0F684500981E51 /* AppDelegate.m */,
			);
			name = Classes;
			path = "XSTOK/Classes";
			sourceTree = SOURCE_ROOT;
		};
		19C28FACFE9D520D11CA2CBB /* Products */ = {
			isa = PBXGroup;
			children = (
				1D6058910D05DD3D006BFB54 /* XSTOK.app */,
			);
			name = Products;
			sourceTree = "<group>";
		};
		29B97314FDCFA39411CA2CEA /* CustomTemplate */ = {
			isa = PBXGroup;
			children = (
				EB87FDF41871DAF40020F90C /* config.xml */,
				EB87FDF31871DA8E0020F90C /* www */,
				EB87FDF21871DA7A0020F90C /* merges */,
				EB87FDF11871DA420020F90C /* Staging */,
				301BF52D109A57CC0062928A /* CordovaLib.xcodeproj */,
				080E96DDFE201D6D7F000001 /* Classes */,
				307C750510C5A3420062BCA9 /* Plugins */,
				29B97315FDCFA39411CA2CEA /* Other Sources */,
				29B97317FDCFA39411CA2CEA /* Resources */,
				29B97323FDCFA39411CA2CEA /* Frameworks */,
				19C28FACFE9D520D11CA2CBB /* Products */,
			);
			name = CustomTemplate;
			sourceTree = "<group>";
		};
		29B97315FDCFA39411CA2CEA /* Other Sources */ = {
			isa = PBXGroup;
			children = (
				32CA4F630368D1EE00C91783 /* XSTOK-Prefix.pch */,
				29B97316FDCFA39411CA2CEA /* main.m */,
			);
			name = "Other Sources";
			path = "XSTOK";
			sourceTree = "<group>";
		};
		29B97317FDCFA39411CA2CEA /* Resources */ = {
			isa = PBXGroup;
			children = (
				308D052D1370CCF300D202BF /* icons */,
				308D05311370CCF300D202BF /* splash */,
				8D1107310486CEB800E47090 /* XSTOK-Info.plist */,
				14CC94E62B864392983648AE /* CDVNotification.bundle */,
			);
			name = Resources;
			path = "XSTOK/Resources";
			sourceTree = "<group>";
		};
		29B97323FDCFA39411CA2CEA /* Frameworks */ = {
			isa = PBXGroup;
			children = (
				5B1594DC16A7569C00FEF299 /* AssetsLibrary.framework */,
				288765FC0DF74451002DB57D /* CoreGraphics.framework */,
				305D5FD0115AB8F900A74A75 /* MobileCoreServices.framework */,
				19535205F48D4454916C5A10 /* ImageIO.framework */,
				B664FFBB8D3C473B84A7990A /* CoreLocation.framework */,
				ACFA5D27730242EF841DF5F0 /* AVFoundation.framework */,
				419E5594F47D4FED8DC6494A /* AddressBook.framework */,
				61C635420E2D476A93CC5842 /* AddressBookUI.framework */,
				2FD1735A21FA41A8B2F543B0 /* AudioToolbox.framework */,
				8F6E8E735D484C69A28639B9 /* SystemConfiguration.framework */,
				D04D5A647B58445EBCFBA158 /* MediaAccessibility.framework */,
			);
			name = Frameworks;
			sourceTree = "<group>";
		};
		301BF52E109A57CC0062928A /* Products */ = {
			isa = PBXGroup;
			children = (
				301BF535109A57CC0062928A /* libCordova.a */,
			);
			name = Products;
			sourceTree = "<group>";
		};
		307C750510C5A3420062BCA9 /* Plugins */ = {
			isa = PBXGroup;
			children = (
				BC59A42B10BE47389E9A886D /* UIImage+CropScaleOrientation.m */,
				BC04AAF193DE4494AC143C44 /* CDVCamera.m */,
				FDB14C0B5EBF4A13A7D30C50 /* CDVJpegHeaderWriter.m */,
				B64B330A59B5482BB7E6D42D /* UIImage+CropScaleOrientation.h */,
				B3967B33568542C485B1B296 /* CDVCamera.h */,
				A262D2B9D3D8440F99416A77 /* CDVJpegHeaderWriter.h */,
				FC29020D901A467A9D2FCAA3 /* CDVExif.h */,
				755860BA42FE4D0CBE96C055 /* CDVContacts.m */,
				FEA0CA351B994AA996D149AE /* CDVContact.m */,
				D4D69F33C48C40999CABB6DB /* CDVContacts.h */,
				E8364F8299CF410ABC9D15E9 /* CDVContact.h */,
				A00C9F57D801441996BDF57B /* CDVDevice.m */,
				3AF047907F814DC38597B6F9 /* CDVDevice.h */,
				469D26D98291405E9F33A7B5 /* CDVNotification.m */,
				A4FDB319E20A48E3B013F6F0 /* CDVNotification.h */,
				3117C5C0DE7B4B80948D546D /* CDVFile.m */,
				EDDC012A87C64E10AF5CE271 /* CDVLocalFilesystem.m */,
				098B3F39B14D42BD98C08553 /* CDVAssetLibraryFilesystem.m */,
				89BECDED2DA1453092549A11 /* CDVFile.h */,
				491C865939EF4F97BC2654EC /* CDVLocalFilesystem.h */,
				18301CF5DBCC4F21870F75DC /* CDVAssetLibraryFilesystem.h */,
				E83986FE5D9A40B5BA4FDFD9 /* CDVFileTransfer.m */,
				C143F9908F194DD0AF33C45A /* CDVFileTransfer.h */,
				20BE6371D8674A459F4BD2F1 /* CDVInAppBrowser.m */,
				E571B4783041449191BE1C42 /* CDVInAppBrowser.h */,
				A8AA4F86E8124730AC26D2A0 /* CDVSound.m */,
				15EDA6DB0C5D4204A7B0A27B /* CDVSound.h */,
				02585258073F44C7B15A880B /* CDVConnection.m */,
				19F161A93A9E4CB588F757B2 /* CDVReachability.m */,
				C6DCC0196CA74C4A83C17603 /* CDVConnection.h */,
				900E5B554D2C41F099AEE3EA /* CDVReachability.h */,
				39D11B2683634EEB97A9EFF4 /* CDVSplashScreen.m */,
				2F48F6584CF9435B8EA2FF60 /* CDVViewController+SplashScreen.m */,
				E413CF5CEF614052A01EE6E3 /* CDVSplashScreen.h */,
				72F989EE362643FB8A44AA49 /* CDVViewController+SplashScreen.h */,
				14172B2CF6224198875DB955 /* CDVMobileAccessibility.m */,
				154F4B70618B4A4FAF411F6B /* CDVMobileAccessibility.h */,
				F13C31FAB3A94E73BE5FDC5D /* AppDelegate+notification.m */,
				57886621903E4241B824F7BB /* PushPlugin.m */,
				582954057BC54C65AA6F8BF7 /* AppDelegate+notification.h */,
				E2C9DF76655546E99A218E61 /* PushPlugin.h */,
				86BD1412A6454298B1D4B990 /* AppVersion.m */,
				FA1358591E6D474E93EC073B /* AppVersion.h */,
			);
			name = Plugins;
			path = "XSTOK/Plugins";
			sourceTree = SOURCE_ROOT;
		};
		308D052D1370CCF300D202BF /* icons */ = {
			isa = PBXGroup;
			children = (
				30C1856519D5FC0A00212699 /* icon-60@3x.png */,
				7E7966D41810823500FA85AD /* icon-40.png */,
				7E7966D51810823500FA85AD /* icon-40@2x.png */,
				7E7966D61810823500FA85AD /* icon-50.png */,
				7E7966D71810823500FA85AD /* icon-50@2x.png */,
				7E7966D81810823500FA85AD /* icon-60.png */,
				7E7966D91810823500FA85AD /* icon-60@2x.png */,
				7E7966DA1810823500FA85AD /* icon-76.png */,
				7E7966DB1810823500FA85AD /* icon-76@2x.png */,
				7E7966DC1810823500FA85AD /* icon-small.png */,
				7E7966DD1810823500FA85AD /* icon-small@2x.png */,
				30FC414816E50CA1004E6F35 /* icon-72@2x.png */,
				308D052E1370CCF300D202BF /* icon-72.png */,
				308D052F1370CCF300D202BF /* icon.png */,
				308D05301370CCF300D202BF /* icon@2x.png */,
			);
			path = icons;
			sourceTree = "<group>";
		};
		308D05311370CCF300D202BF /* splash */ = {
			isa = PBXGroup;
			children = (
				30B4F2FD19D5E07200D9F7D8 /* Default-667h.png */,
				30B4F2FE19D5E07200D9F7D8 /* Default-736h.png */,
				30B4F2FF19D5E07200D9F7D8 /* Default-Landscape-736h.png */,
				D4A0D8751607E02300AEF8BB /* Default-568h@2x~iphone.png */,
				3088BBB7154F3926009F9C59 /* Default-Landscape@2x~ipad.png */,
				3088BBB8154F3926009F9C59 /* Default-Landscape~ipad.png */,
				3088BBB9154F3926009F9C59 /* Default-Portrait@2x~ipad.png */,
				3088BBBA154F3926009F9C59 /* Default-Portrait~ipad.png */,
				3088BBBB154F3926009F9C59 /* Default@2x~iphone.png */,
				3088BBBC154F3926009F9C59 /* Default~iphone.png */,
			);
			path = splash;
			sourceTree = "<group>";
		};
		EB87FDF11871DA420020F90C /* Staging */ = {
			isa = PBXGroup;
			children = (
				F840E1F0165FE0F500CFE078 /* config.xml */,
				301BF56E109A69640062928A /* www */,
			);
			name = Staging;
			sourceTree = "<group>";
		};
/* End PBXGroup section */

/* Begin PBXNativeTarget section */
		1D6058900D05DD3D006BFB54 /* XSTOK */ = {
			isa = PBXNativeTarget;
			buildConfigurationList = 1D6058960D05DD3E006BFB54 /* Build configuration list for PBXNativeTarget "XSTOK" */;
			buildPhases = (
				304B58A110DAC018002A0835 /* Copy www directory */,
				1D60588D0D05DD3D006BFB54 /* Resources */,
				1D60588E0D05DD3D006BFB54 /* Sources */,
				1D60588F0D05DD3D006BFB54 /* Frameworks */,
			);
			buildRules = (
			);
			dependencies = (
				301BF551109A68C00062928A /* PBXTargetDependency */,
			);
			name = "XSTOK";
			productName = "XSTOK";
			productReference = 1D6058910D05DD3D006BFB54 /* XSTOK.app */;
			productType = "com.apple.product-type.application";
		};
/* End PBXNativeTarget section */

/* Begin PBXProject section */
		29B97313FDCFA39411CA2CEA /* Project object */ = {
			isa = PBXProject;
			attributes = {
				LastUpgradeCheck = 510;
			};
			buildConfigurationList = C01FCF4E08A954540054247B /* Build configuration list for PBXProject "__CLI__" */;
			compatibilityVersion = "Xcode 3.2";
			developmentRegion = English;
			hasScannedForEncodings = 1;
			knownRegions = (
				English,
				Japanese,
				French,
				German,
				en,
				es,
				de,
				se,
			);
			mainGroup = 29B97314FDCFA39411CA2CEA /* CustomTemplate */;
			projectDirPath = "";
			projectReferences = (
				{
					ProductGroup = 301BF52E109A57CC0062928A /* Products */;
					ProjectRef = 301BF52D109A57CC0062928A /* CordovaLib.xcodeproj */;
				},
			);
			projectRoot = "";
			targets = (
				1D6058900D05DD3D006BFB54 /* XSTOK */,
			);
		};
/* End PBXProject section */

/* Begin PBXReferenceProxy section */
		301BF535109A57CC0062928A /* libCordova.a */ = {
			isa = PBXReferenceProxy;
			fileType = archive.ar;
			path = libCordova.a;
			remoteRef = 301BF534109A57CC0062928A /* PBXContainerItemProxy */;
			sourceTree = BUILT_PRODUCTS_DIR;
		};
/* End PBXReferenceProxy section */

/* Begin PBXResourcesBuildPhase section */
		1D60588D0D05DD3D006BFB54 /* Resources */ = {
			isa = PBXResourcesBuildPhase;
			buildActionMask = 2147483647;
			files = (
				7E7966E41810823500FA85AD /* icon-76.png in Resources */,
				7E7966DF1810823500FA85AD /* icon-40@2x.png in Resources */,
				308D05371370CCF300D202BF /* icon-72.png in Resources */,
				30B4F30119D5E07200D9F7D8 /* Default-736h.png in Resources */,
				308D05381370CCF300D202BF /* icon.png in Resources */,
				308D05391370CCF300D202BF /* icon@2x.png in Resources */,
				302D95F214D2391D003F00A1 /* MainViewController.xib in Resources */,
				7E7966E01810823500FA85AD /* icon-50.png in Resources */,
				7E7966E31810823500FA85AD /* icon-60@2x.png in Resources */,
				7E7966E61810823500FA85AD /* icon-small.png in Resources */,
				3088BBBD154F3926009F9C59 /* Default-Landscape@2x~ipad.png in Resources */,
				3088BBBE154F3926009F9C59 /* Default-Landscape~ipad.png in Resources */,
				3088BBBF154F3926009F9C59 /* Default-Portrait@2x~ipad.png in Resources */,
				7E7966E71810823500FA85AD /* icon-small@2x.png in Resources */,
				3088BBC0154F3926009F9C59 /* Default-Portrait~ipad.png in Resources */,
				30B4F30019D5E07200D9F7D8 /* Default-667h.png in Resources */,
				7E7966DE1810823500FA85AD /* icon-40.png in Resources */,
				3088BBC1154F3926009F9C59 /* Default@2x~iphone.png in Resources */,
				7E7966E21810823500FA85AD /* icon-60.png in Resources */,
				3088BBC2154F3926009F9C59 /* Default~iphone.png in Resources */,
				D4A0D8761607E02300AEF8BB /* Default-568h@2x~iphone.png in Resources */,
				30B4F30219D5E07200D9F7D8 /* Default-Landscape-736h.png in Resources */,
				30C1856619D5FC0A00212699 /* icon-60@3x.png in Resources */,
				7E7966E11810823500FA85AD /* icon-50@2x.png in Resources */,
				7E7966E51810823500FA85AD /* icon-76@2x.png in Resources */,
				30FC414916E50CA1004E6F35 /* icon-72@2x.png in Resources */,
				5ECFA284B2F44CDC923A06A1 /* CDVNotification.bundle in Resources */,
			);
			runOnlyForDeploymentPostprocessing = 0;
		};
/* End PBXResourcesBuildPhase section */

/* Begin PBXShellScriptBuildPhase section */
		304B58A110DAC018002A0835 /* Copy www directory */ = {
			isa = PBXShellScriptBuildPhase;
			buildActionMask = 2147483647;
			files = (
			);
			inputPaths = (
			);
			name = "Copy www directory";
			outputPaths = (
			);
			runOnlyForDeploymentPostprocessing = 0;
			shellPath = /bin/sh;
			shellScript = "NODEJS_PATH=/usr/local/bin; NVM_NODE_PATH=~/.nvm/versions/node/`nvm version 2>/dev/null`/bin; N_NODE_PATH=`find /usr/local/n/versions/node/* -maxdepth 0 -type d 2>/dev/null | tail -1`/bin; XCODE_NODE_PATH=`xcode-select --print-path`/usr/share/xcs/Node/bin; PATH=$NODEJS_PATH:$NVM_NODE_PATH:$N_NODE_PATH:$XCODE_NODE_PATH:$PATH && node cordova/lib/copy-www-build-step.js";
			showEnvVarsInLog = 0;
		};
/* End PBXShellScriptBuildPhase section */

/* Begin PBXSourcesBuildPhase section */
		1D60588E0D05DD3D006BFB54 /* Sources */ = {
			isa = PBXSourcesBuildPhase;
			buildActionMask = 2147483647;
			files = (
				1D60589B0D05DD56006BFB54 /* main.m in Sources */,
				1D3623260D0F684500981E51 /* AppDelegate.m in Sources */,
				302D95F114D2391D003F00A1 /* MainViewController.m in Sources */,
				DAEBABA5D9344C039E010C17 /* UIImage+CropScaleOrientation.m in Sources */,
				C49481F8E55545A6A077AB29 /* CDVCamera.m in Sources */,
				4B1548C52EEB41C8B6C263D4 /* CDVJpegHeaderWriter.m in Sources */,
				6EE020900E8D49C9ACAF69A1 /* CDVContacts.m in Sources */,
				FAA445480D0D43FCB015667D /* CDVContact.m in Sources */,
				ED73DCBE941242A8BD6F24C2 /* CDVDevice.m in Sources */,
				84729C4276A54F768047EA5C /* CDVNotification.m in Sources */,
				0F2CF56321C946EF8C47A5AA /* CDVFile.m in Sources */,
				5F60B8C8EBC240ED846F3A48 /* CDVLocalFilesystem.m in Sources */,
				DBBEA63CABA54DC78C437973 /* CDVAssetLibraryFilesystem.m in Sources */,
				DAD04699DD484BC99CFA8CE7 /* CDVFileTransfer.m in Sources */,
				6250472B9A504375852A23FC /* CDVInAppBrowser.m in Sources */,
				E497009D39F94F06BB1433B2 /* CDVSound.m in Sources */,
				6CA91AA1D7A2487A8FCD7EB6 /* CDVConnection.m in Sources */,
				0458AA289AA04EE0A1643F3D /* CDVReachability.m in Sources */,
				973A9AC16DBC46AAA0C2A679 /* CDVSplashScreen.m in Sources */,
				856BE32494C144ECAD8A51FB /* CDVViewController+SplashScreen.m in Sources */,
				10CA5FD0EC0D4751B3498190 /* CDVMobileAccessibility.m in Sources */,
				7F259808489045CEBEBAAFA8 /* AppDelegate+notification.m in Sources */,
				B43EA95D3EE94E63A4E5CE28 /* PushPlugin.m in Sources */,
				FCD57C6FB5F94F7D8391F7C7 /* AppVersion.m in Sources */,
			);
			runOnlyForDeploymentPostprocessing = 0;
		};
/* End PBXSourcesBuildPhase section */

/* Begin PBXTargetDependency section */
		301BF551109A68C00062928A /* PBXTargetDependency */ = {
			isa = PBXTargetDependency;
			name = CordovaLib;
			targetProxy = 301BF550109A68C00062928A /* PBXContainerItemProxy */;
		};
/* End PBXTargetDependency section */

/* Begin XCBuildConfiguration section */
		1D6058940D05DD3E006BFB54 /* Debug */ = {
			isa = XCBuildConfiguration;
			buildSettings = {
				ALWAYS_SEARCH_USER_PATHS = NO;
				CLANG_ENABLE_OBJC_ARC = YES;
				COPY_PHASE_STRIP = NO;
				GCC_DYNAMIC_NO_PIC = NO;
				GCC_OPTIMIZATION_LEVEL = 0;
				GCC_PRECOMPILE_PREFIX_HEADER = YES;
				GCC_PREFIX_HEADER = "XSTOK/XSTOK-Prefix.pch";
				GCC_THUMB_SUPPORT = NO;
				GCC_VERSION = "";
				INFOPLIST_FILE = "XSTOK/XSTOK-Info.plist";
				IPHONEOS_DEPLOYMENT_TARGET = 6.0;
				OTHER_LDFLAGS = (
					"-weak_framework",
					CoreFoundation,
					"-weak_framework",
					UIKit,
					"-weak_framework",
					AVFoundation,
					"-weak_framework",
					CoreMedia,
					"-weak-lSystem",
					"-ObjC",
				);
				PRODUCT_NAME = "XSTOK";
				TARGETED_DEVICE_FAMILY = "1,2";
			};
			name = Debug;
		};
		1D6058950D05DD3E006BFB54 /* Release */ = {
			isa = XCBuildConfiguration;
			buildSettings = {
				ALWAYS_SEARCH_USER_PATHS = NO;
				CLANG_ENABLE_OBJC_ARC = YES;
				COPY_PHASE_STRIP = YES;
				GCC_PRECOMPILE_PREFIX_HEADER = YES;
				GCC_PREFIX_HEADER = "XSTOK/XSTOK-Prefix.pch";
				GCC_THUMB_SUPPORT = NO;
				GCC_VERSION = "";
				INFOPLIST_FILE = "XSTOK/XSTOK-Info.plist";
				IPHONEOS_DEPLOYMENT_TARGET = 6.0;
				OTHER_LDFLAGS = (
					"-weak_framework",
					CoreFoundation,
					"-weak_framework",
					UIKit,
					"-weak_framework",
					AVFoundation,
					"-weak_framework",
					CoreMedia,
					"-weak-lSystem",
					"-ObjC",
				);
				PRODUCT_NAME = "XSTOK";
				TARGETED_DEVICE_FAMILY = "1,2";
			};
			name = Release;
		};
		C01FCF4F08A954540054247B /* Debug */ = {
			isa = XCBuildConfiguration;
			buildSettings = {
				CLANG_ENABLE_OBJC_ARC = YES;
				CLANG_WARN_BOOL_CONVERSION = YES;
				CLANG_WARN_CONSTANT_CONVERSION = YES;
				CLANG_WARN_EMPTY_BODY = YES;
				CLANG_WARN_ENUM_CONVERSION = YES;
				CLANG_WARN_INT_CONVERSION = YES;
				CLANG_WARN__DUPLICATE_METHOD_MATCH = YES;
				"CODE_SIGN_IDENTITY[sdk=iphoneos*]" = "iPhone Developer";
				GCC_C_LANGUAGE_STANDARD = c99;
				GCC_THUMB_SUPPORT = NO;
				GCC_VERSION = "";
				GCC_WARN_ABOUT_RETURN_TYPE = YES;
				GCC_WARN_UNDECLARED_SELECTOR = YES;
				GCC_WARN_UNINITIALIZED_AUTOS = YES;
				GCC_WARN_UNUSED_FUNCTION = YES;
				GCC_WARN_UNUSED_VARIABLE = YES;
				HEADER_SEARCH_PATHS = (
					"\"$(TARGET_BUILD_DIR)/usr/local/lib/include\"",
					"\"$(OBJROOT)/UninstalledProducts/include\"",
					"\"$(BUILT_PRODUCTS_DIR)\"",
				);
				IPHONEOS_DEPLOYMENT_TARGET = 6.0;
				ONLY_ACTIVE_ARCH = YES;
				OTHER_LDFLAGS = (
					"-weak_framework",
					CoreFoundation,
					"-weak_framework",
					UIKit,
					"-weak_framework",
					AVFoundation,
					"-weak_framework",
					CoreMedia,
					"-weak-lSystem",
					"-ObjC",
				);
				SDKROOT = iphoneos;
				SKIP_INSTALL = NO;
				USER_HEADER_SEARCH_PATHS = "";
			};
			name = Debug;
		};
		C01FCF5008A954540054247B /* Release */ = {
			isa = XCBuildConfiguration;
			buildSettings = {
				CLANG_ENABLE_OBJC_ARC = YES;
				CLANG_WARN_BOOL_CONVERSION = YES;
				CLANG_WARN_CONSTANT_CONVERSION = YES;
				CLANG_WARN_EMPTY_BODY = YES;
				CLANG_WARN_ENUM_CONVERSION = YES;
				CLANG_WARN_INT_CONVERSION = YES;
				CLANG_WARN__DUPLICATE_METHOD_MATCH = YES;
				"CODE_SIGN_IDENTITY[sdk=iphoneos*]" = "iPhone Developer";
				GCC_C_LANGUAGE_STANDARD = c99;
				GCC_THUMB_SUPPORT = NO;
				GCC_VERSION = "";
				GCC_WARN_ABOUT_RETURN_TYPE = YES;
				GCC_WARN_UNDECLARED_SELECTOR = YES;
				GCC_WARN_UNINITIALIZED_AUTOS = YES;
				GCC_WARN_UNUSED_FUNCTION = YES;
				GCC_WARN_UNUSED_VARIABLE = YES;
				HEADER_SEARCH_PATHS = (
					"\"$(TARGET_BUILD_DIR)/usr/local/lib/include\"",
					"\"$(OBJROOT)/UninstalledProducts/include\"",
					"\"$(BUILT_PRODUCTS_DIR)\"",
				);
				IPHONEOS_DEPLOYMENT_TARGET = 6.0;
				OTHER_LDFLAGS = (
					"-weak_framework",
					CoreFoundation,
					"-weak_framework",
					UIKit,
					"-weak_framework",
					AVFoundation,
					"-weak_framework",
					CoreMedia,
					"-weak-lSystem",
					"-ObjC",
				);
				SDKROOT = iphoneos;
				SKIP_INSTALL = NO;
				USER_HEADER_SEARCH_PATHS = "";
			};
			name = Release;
		};
/* End XCBuildConfiguration section */

/* Begin XCConfigurationList section */
		1D6058960D05DD3E006BFB54 /* Build configuration list for PBXNativeTarget "XSTOK" */ = {
			isa = XCConfigurationList;
			buildConfigurations = (
				1D6058940D05DD3E006BFB54 /* Debug */,
				1D6058950D05DD3E006BFB54 /* Release */,
			);
			defaultConfigurationIsVisible = 0;
			defaultConfigurationName = Release;
		};
		C01FCF4E08A954540054247B /* Build configuration list for PBXProject "__CLI__" */ = {
			isa = XCConfigurationList;
			buildConfigurations = (
				C01FCF4F08A954540054247B /* Debug */,
				C01FCF5008A954540054247B /* Release */,
			);
			defaultConfigurationIsVisible = 0;
			defaultConfigurationName = Release;
		};
/* End XCConfigurationList section */
	};
	rootObject = 29B97313FDCFA39411CA2CEA /* Project object */;
}
